
Microsoft Visual Studio Solution File, Format Version 12.00
# Visual Studio Version 17
VisualStudioVersion = 17.3.32922.545
MinimumVisualStudioVersion = 10.0.40219.1
Project("{9A19103F-16F7-4668-BE54-9A1E7A4F7556}") = "MaterialsApp", "MaterialsApp\MaterialsApp.csproj", "{B4756197-400C-4F16-99A6-CEDC8E701830}"
EndProject
Project("{9A19103F-16F7-4668-BE54-9A1E7A4F7556}") = "Tests", "Tests\Tests.csproj", "{9415271D-065F-496B-AA92-05822DB194CF}"
EndProject
Project("{FAE04EC0-301F-11D3-BF4B-00C04F79EFBC}") = "WebApplication1", "WebApplication1\WebApplication1.csproj", "{068B84C2-DEC7-496F-AF58-3E13479BD129}"
EndProject
Global
	GlobalSection(SolutionConfigurationPlatforms) = preSolution
		Debug|Any CPU = Debug|Any CPU
		Release|Any CPU = Release|Any CPU
	EndGlobalSection
	GlobalSection(ProjectConfigurationPlatforms) = postSolution
		{B4756197-400C-4F16-99A6-CEDC8E701830}.Debug|Any CPU.ActiveCfg = Debug|Any CPU
		{B4756197-400C-4F16-99A6-CEDC8E701830}.Debug|Any CPU.Build.0 = Debug|Any CPU
		{B4756197-400C-4F16-99A6-CEDC8E701830}.Release|Any CPU.ActiveCfg = Release|Any CPU
		{B4756197-400C-4F16-99A6-CEDC8E701830}.Release|Any CPU.Build.0 = Release|Any CPU
		{9415271D-065F-496B-AA92-05822DB194CF}.Debug|Any CPU.ActiveCfg = Debug|Any CPU
		{9415271D-065F-496B-AA92-05822DB194CF}.Debug|Any CPU.Build.0 = Debug|Any CPU
		{9415271D-065F-496B-AA92-05822DB194CF}.Release|Any CPU.ActiveCfg = Release|Any CPU
		{9415271D-065F-496B-AA92-05822DB194CF}.Release|Any CPU.Build.0 = Release|Any CPU
		{068B84C2-DEC7-496F-AF58-3E13479BD129}.Debug|Any CPU.ActiveCfg = Debug|Any CPU
		{068B84C2-DEC7-496F-AF58-3E13479BD129}.Debug|Any CPU.Build.0 = Debug|Any CPU
		{068B84C2-DEC7-496F-AF58-3E13479BD129}.Release|Any CPU.ActiveCfg = Release|Any CPU
		{068B84C2-DEC7-496F-AF58-3E13479BD129}.Release|Any CPU.Build.0 = Release|Any CPU
	EndGlobalSection
	GlobalSection(SolutionProperties) = preSolution
		HideSolutionNode = FALSE
	EndGlobalSection
	GlobalSection(ExtensibilityGlobals) = postSolution
		SolutionGuid = {EDB93956-4F2A-4B88-A440-648394829A26}
	EndGlobalSection
EndGlobal
