
Microsoft Visual Studio Solution File, Format Version 12.00
# Visual Studio Version 17
VisualStudioVersion = 17.3.32922.545
MinimumVisualStudioVersion = 10.0.40219.1
Project("{9A19103F-16F7-4668-BE54-9A1E7A4F7556}") = "PartOrderingApp", "PartOrderingApp\PartOrderingApp.csproj", "{343660E4-FEBA-4D17-9EFF-40B1EBD1F790}"
EndProject
Project("{FAE04EC0-301F-11D3-BF4B-00C04F79EFBC}") = "Tests", "Tests\Tests.csproj", "{00B2F136-68FF-40DD-A367-A276298698BE}"
EndProject
Global
	GlobalSection(SolutionConfigurationPlatforms) = preSolution
		Debug|Any CPU = Debug|Any CPU
		Release|Any CPU = Release|Any CPU
	EndGlobalSection
	GlobalSection(ProjectConfigurationPlatforms) = postSolution
		{343660E4-FEBA-4D17-9EFF-40B1EBD1F790}.Debug|Any CPU.ActiveCfg = Debug|Any CPU
		{343660E4-FEBA-4D17-9EFF-40B1EBD1F790}.Debug|Any CPU.Build.0 = Debug|Any CPU
		{343660E4-FEBA-4D17-9EFF-40B1EBD1F790}.Release|Any CPU.ActiveCfg = Release|Any CPU
		{343660E4-FEBA-4D17-9EFF-40B1EBD1F790}.Release|Any CPU.Build.0 = Release|Any CPU
		{00B2F136-68FF-40DD-A367-A276298698BE}.Debug|Any CPU.ActiveCfg = Debug|Any CPU
		{00B2F136-68FF-40DD-A367-A276298698BE}.Debug|Any CPU.Build.0 = Debug|Any CPU
		{00B2F136-68FF-40DD-A367-A276298698BE}.Release|Any CPU.ActiveCfg = Release|Any CPU
		{00B2F136-68FF-40DD-A367-A276298698BE}.Release|Any CPU.Build.0 = Release|Any CPU
	EndGlobalSection
	GlobalSection(SolutionProperties) = preSolution
		HideSolutionNode = FALSE
	EndGlobalSection
	GlobalSection(ExtensibilityGlobals) = postSolution
		SolutionGuid = {32421568-C027-4094-BF79-04F5F474AFA0}
	EndGlobalSection
EndGlobal
