
Microsoft Visual Studio Solution File, Format Version 12.00
# Visual Studio Version 17
VisualStudioVersion = 17.3.32922.545
MinimumVisualStudioVersion = 10.0.40219.1
Project("{FAE04EC0-301F-11D3-BF4B-00C04F79EFBC}") = "BnbProject", "BnbProject\BnbProject.csproj", "{6976BAAB-8734-4102-8A35-EF3274D6BBD5}"
EndProject
Project("{FAE04EC0-301F-11D3-BF4B-00C04F79EFBC}") = "BnbWebAPI", "BnbWebAPI\BnbWebAPI.csproj", "{10257E35-CF91-40B6-AD00-2732C57498DD}"
EndProject
Global
	GlobalSection(SolutionConfigurationPlatforms) = preSolution
		Debug|Any CPU = Debug|Any CPU
		Release|Any CPU = Release|Any CPU
	EndGlobalSection
	GlobalSection(ProjectConfigurationPlatforms) = postSolution
		{6976BAAB-8734-4102-8A35-EF3274D6BBD5}.Debug|Any CPU.ActiveCfg = Debug|Any CPU
		{6976BAAB-8734-4102-8A35-EF3274D6BBD5}.Debug|Any CPU.Build.0 = Debug|Any CPU
		{6976BAAB-8734-4102-8A35-EF3274D6BBD5}.Release|Any CPU.ActiveCfg = Release|Any CPU
		{6976BAAB-8734-4102-8A35-EF3274D6BBD5}.Release|Any CPU.Build.0 = Release|Any CPU
		{10257E35-CF91-40B6-AD00-2732C57498DD}.Debug|Any CPU.ActiveCfg = Debug|Any CPU
		{10257E35-CF91-40B6-AD00-2732C57498DD}.Debug|Any CPU.Build.0 = Debug|Any CPU
		{10257E35-CF91-40B6-AD00-2732C57498DD}.Release|Any CPU.ActiveCfg = Release|Any CPU
		{10257E35-CF91-40B6-AD00-2732C57498DD}.Release|Any CPU.Build.0 = Release|Any CPU
	EndGlobalSection
	GlobalSection(SolutionProperties) = preSolution
		HideSolutionNode = FALSE
	EndGlobalSection
	GlobalSection(ExtensibilityGlobals) = postSolution
		SolutionGuid = {3DB16C0F-2F16-46EA-B10F-57EC118DAA9D}
	EndGlobalSection
EndGlobal
