
Microsoft Visual Studio Solution File, Format Version 12.00
# Visual Studio Version 17
VisualStudioVersion = 17.3.32922.545
MinimumVisualStudioVersion = 10.0.40219.1
Project("{FAE04EC0-301F-11D3-BF4B-00C04F79EFBC}") = "Game_of_Life", "Game_of_Life\Game_of_Life.csproj", "{19A231F4-B867-417E-8722-BEAB90743DD8}"
EndProject
Global
	GlobalSection(SolutionConfigurationPlatforms) = preSolution
		Debug|Any CPU = Debug|Any CPU
		Release|Any CPU = Release|Any CPU
	EndGlobalSection
	GlobalSection(ProjectConfigurationPlatforms) = postSolution
		{19A231F4-B867-417E-8722-BEAB90743DD8}.Debug|Any CPU.ActiveCfg = Debug|Any CPU
		{19A231F4-B867-417E-8722-BEAB90743DD8}.Debug|Any CPU.Build.0 = Debug|Any CPU
		{19A231F4-B867-417E-8722-BEAB90743DD8}.Release|Any CPU.ActiveCfg = Release|Any CPU
		{19A231F4-B867-417E-8722-BEAB90743DD8}.Release|Any CPU.Build.0 = Release|Any CPU
	EndGlobalSection
	GlobalSection(SolutionProperties) = preSolution
		HideSolutionNode = FALSE
	EndGlobalSection
	GlobalSection(ExtensibilityGlobals) = postSolution
		SolutionGuid = {21E452F1-15BD-4BEF-B0B7-40AD51F5FD35}
	EndGlobalSection
EndGlobal
