
Microsoft Visual Studio Solution File, Format Version 12.00
# Visual Studio Version 17
VisualStudioVersion = 17.3.32922.545
MinimumVisualStudioVersion = 10.0.40219.1
Project("{FAE04EC0-301F-11D3-BF4B-00C04F79EFBC}") = "Repertoire Tracker", "Repertoire Tracker\Repertoire Tracker.csproj", "{3AF21945-3C41-41A9-8F7A-5BF8A7F44F56}"
EndProject
Global
	GlobalSection(SolutionConfigurationPlatforms) = preSolution
		Debug|Any CPU = Debug|Any CPU
		Release|Any CPU = Release|Any CPU
	EndGlobalSection
	GlobalSection(ProjectConfigurationPlatforms) = postSolution
		{3AF21945-3C41-41A9-8F7A-5BF8A7F44F56}.Debug|Any CPU.ActiveCfg = Debug|Any CPU
		{3AF21945-3C41-41A9-8F7A-5BF8A7F44F56}.Debug|Any CPU.Build.0 = Debug|Any CPU
		{3AF21945-3C41-41A9-8F7A-5BF8A7F44F56}.Release|Any CPU.ActiveCfg = Release|Any CPU
		{3AF21945-3C41-41A9-8F7A-5BF8A7F44F56}.Release|Any CPU.Build.0 = Release|Any CPU
	EndGlobalSection
	GlobalSection(SolutionProperties) = preSolution
		HideSolutionNode = FALSE
	EndGlobalSection
	GlobalSection(ExtensibilityGlobals) = postSolution
		SolutionGuid = {8C2151C3-71E3-4168-99C3-034F5F76A649}
	EndGlobalSection
EndGlobal
